// !$*UTF8*$!
{
	archiveVersion = 1;
	classes = {
	};
	objectVersion = 50;
	objects = {

/* Begin PBXBuildFile section */
		2C5052CF2662E99900A27542 /* PasswordText.swift in Sources */ = {isa = PBXBuildFile; fileRef = 2C5052CE2662E99900A27542 /* PasswordText.swift */; };
		ACA219222662DA8200A0F85C /* AppDelegate.swift in Sources */ = {isa = PBXBuildFile; fileRef = ACA219212662DA8200A0F85C /* AppDelegate.swift */; };
		ACA219242662DA8200A0F85C /* SceneDelegate.swift in Sources */ = {isa = PBXBuildFile; fileRef = ACA219232662DA8200A0F85C /* SceneDelegate.swift */; };
		ACA219262662DA8200A0F85C /* ContentView.swift in Sources */ = {isa = PBXBuildFile; fileRef = ACA219252662DA8200A0F85C /* ContentView.swift */; };
		ACA219282662DA8300A0F85C /* Assets.xcassets in Resources */ = {isa = PBXBuildFile; fileRef = ACA219272662DA8300A0F85C /* Assets.xcassets */; };
		ACA2192B2662DA8300A0F85C /* Preview Assets.xcassets in Resources */ = {isa = PBXBuildFile; fileRef = ACA2192A2662DA8300A0F85C /* Preview Assets.xcassets */; };
		ACA2192E2662DA8300A0F85C /* LaunchScreen.storyboard in Resources */ = {isa = PBXBuildFile; fileRef = ACA2192C2662DA8300A0F85C /* LaunchScreen.storyboard */; };
		ACA219392662DFA600A0F85C /* Password.swift in Sources */ = {isa = PBXBuildFile; fileRef = ACA219382662DFA600A0F85C /* Password.swift */; };
		ACA2193B2662E5FE00A0F85C /* SliderComponent.swift in Sources */ = {isa = PBXBuildFile; fileRef = ACA2193A2662E5FE00A0F85C /* SliderComponent.swift */; };
		ACEBCB9D2662EDB40073CB7F /* UIColor.swift in Sources */ = {isa = PBXBuildFile; fileRef = ACEBCB9C2662EDB40073CB7F /* UIColor.swift */; };
		ACEBCB9F2662F8FB0073CB7F /* PasswordData.swift in Sources */ = {isa = PBXBuildFile; fileRef = ACEBCB9E2662F8FB0073CB7F /* PasswordData.swift */; };
/* End PBXBuildFile section */

/* Begin PBXFileReference section */
		2C5052CE2662E99900A27542 /* PasswordText.swift */ = {isa = PBXFileReference; lastKnownFileType = sourcecode.swift; path = PasswordText.swift; sourceTree = "<group>"; };
		ACA2191E2662DA8200A0F85C /* Random Password.app */ = {isa = PBXFileReference; explicitFileType = wrapper.application; includeInIndex = 0; path = "Random Password.app"; sourceTree = BUILT_PRODUCTS_DIR; };
		ACA219212662DA8200A0F85C /* AppDelegate.swift */ = {isa = PBXFileReference; lastKnownFileType = sourcecode.swift; path = AppDelegate.swift; sourceTree = "<group>"; };
		ACA219232662DA8200A0F85C /* SceneDelegate.swift */ = {isa = PBXFileReference; lastKnownFileType = sourcecode.swift; path = SceneDelegate.swift; sourceTree = "<group>"; };
		ACA219252662DA8200A0F85C /* ContentView.swift */ = {isa = PBXFileReference; lastKnownFileType = sourcecode.swift; path = ContentView.swift; sourceTree = "<group>"; };
		ACA219272662DA8300A0F85C /* Assets.xcassets */ = {isa = PBXFileReference; lastKnownFileType = folder.assetcatalog; path = Assets.xcassets; sourceTree = "<group>"; };
		ACA2192A2662DA8300A0F85C /* Preview Assets.xcassets */ = {isa = PBXFileReference; lastKnownFileType = folder.assetcatalog; path = "Preview Assets.xcassets"; sourceTree = "<group>"; };
		ACA2192D2662DA8300A0F85C /* Base */ = {isa = PBXFileReference; lastKnownFileType = file.storyboard; name = Base; path = Base.lproj/LaunchScreen.storyboard; sourceTree = "<group>"; };
		ACA2192F2662DA8300A0F85C /* Info.plist */ = {isa = PBXFileReference; lastKnownFileType = text.plist.xml; path = Info.plist; sourceTree = "<group>"; };
		ACA219382662DFA600A0F85C /* Password.swift */ = {isa = PBXFileReference; lastKnownFileType = sourcecode.swift; path = Password.swift; sourceTree = "<group>"; };
		ACA2193A2662E5FE00A0F85C /* SliderComponent.swift */ = {isa = PBXFileReference; lastKnownFileType = sourcecode.swift; path = SliderComponent.swift; sourceTree = "<group>"; };
		ACEBCB9C2662EDB40073CB7F /* UIColor.swift */ = {isa = PBXFileReference; lastKnownFileType = sourcecode.swift; path = UIColor.swift; sourceTree = "<group>"; };
		ACEBCB9E2662F8FB0073CB7F /* PasswordData.swift */ = {isa = PBXFileReference; lastKnownFileType = sourcecode.swift; path = PasswordData.swift; sourceTree = "<group>"; };
/* End PBXFileReference section */

/* Begin PBXFrameworksBuildPhase section */
		ACA2191B2662DA8200A0F85C /* Frameworks */ = {
			isa = PBXFrameworksBuildPhase;
			buildActionMask = 2147483647;
			files = (
			);
			runOnlyForDeploymentPostprocessing = 0;
		};
/* End PBXFrameworksBuildPhase section */

/* Begin PBXGroup section */
		2C5052CD2662E95D00A27542 /* components */ = {
			isa = PBXGroup;
			children = (
				2C5052CE2662E99900A27542 /* PasswordText.swift */,
			);
			path = components;
			sourceTree = "<group>";
		};
		ACA219152662DA8200A0F85C = {
			isa = PBXGroup;
			children = (
				ACA219202662DA8200A0F85C /* Random Password */,
				ACA2191F2662DA8200A0F85C /* Products */,
			);
			sourceTree = "<group>";
		};
		ACA2191F2662DA8200A0F85C /* Products */ = {
			isa = PBXGroup;
			children = (
				ACA2191E2662DA8200A0F85C /* Random Password.app */,
			);
			name = Products;
			sourceTree = "<group>";
		};
		ACA219202662DA8200A0F85C /* Random Password */ = {
			isa = PBXGroup;
			children = (
				ACEBCB9B2662ED9D0073CB7F /* helpers */,
				ACA219372662DF7D00A0F85C /* store */,
				ACA219362662DF7400A0F85C /* view */,
				ACA219352662DF6A00A0F85C /* model */,
				ACA219212662DA8200A0F85C /* AppDelegate.swift */,
				ACA219232662DA8200A0F85C /* SceneDelegate.swift */,
				ACA219272662DA8300A0F85C /* Assets.xcassets */,
				ACA2192C2662DA8300A0F85C /* LaunchScreen.storyboard */,
				ACA2192F2662DA8300A0F85C /* Info.plist */,
				ACA219292662DA8300A0F85C /* Preview Content */,
			);
			path = "Random Password";
			sourceTree = "<group>";
		};
		ACA219292662DA8300A0F85C /* Preview Content */ = {
			isa = PBXGroup;
			children = (
				ACA2192A2662DA8300A0F85C /* Preview Assets.xcassets */,
			);
			path = "Preview Content";
			sourceTree = "<group>";
		};
		ACA219352662DF6A00A0F85C /* model */ = {
			isa = PBXGroup;
			children = (
				ACA219382662DFA600A0F85C /* Password.swift */,
			);
			path = model;
			sourceTree = "<group>";
		};
		ACA219362662DF7400A0F85C /* view */ = {
			isa = PBXGroup;
			children = (
				ACA219252662DA8200A0F85C /* ContentView.swift */,
				2C5052CE2662E99900A27542 /* PasswordText.swift */,
				ACA2193A2662E5FE00A0F85C /* SliderComponent.swift */,
			);
			path = view;
			sourceTree = "<group>";
		};
		ACA219372662DF7D00A0F85C /* store */ = {
			isa = PBXGroup;
			children = (
				ACEBCB9E2662F8FB0073CB7F /* PasswordData.swift */,
			);
			path = store;
			sourceTree = "<group>";
		};
		ACEBCB9B2662ED9D0073CB7F /* helpers */ = {
			isa = PBXGroup;
			children = (
				ACEBCB9C2662EDB40073CB7F /* UIColor.swift */,
			);
			path = helpers;
			sourceTree = "<group>";
		};
/* End PBXGroup section */

/* Begin PBXNativeTarget section */
		ACA2191D2662DA8200A0F85C /* Random Password */ = {
			isa = PBXNativeTarget;
			buildConfigurationList = ACA219322662DA8300A0F85C /* Build configuration list for PBXNativeTarget "Random Password" */;
			buildPhases = (
				ACA2191A2662DA8200A0F85C /* Sources */,
				ACA2191B2662DA8200A0F85C /* Frameworks */,
				ACA2191C2662DA8200A0F85C /* Resources */,
			);
			buildRules = (
			);
			dependencies = (
			);
			name = "Random Password";
			productName = "Random Password";
			productReference = ACA2191E2662DA8200A0F85C /* Random Password.app */;
			productType = "com.apple.product-type.application";
		};
/* End PBXNativeTarget section */

/* Begin PBXProject section */
		ACA219162662DA8200A0F85C /* Project object */ = {
			isa = PBXProject;
			attributes = {
				LastSwiftUpdateCheck = 1250;
				LastUpgradeCheck = 1250;
				TargetAttributes = {
					ACA2191D2662DA8200A0F85C = {
						CreatedOnToolsVersion = 12.5;
					};
				};
			};
			buildConfigurationList = ACA219192662DA8200A0F85C /* Build configuration list for PBXProject "Random Password" */;
			compatibilityVersion = "Xcode 9.3";
			developmentRegion = en;
			hasScannedForEncodings = 0;
			knownRegions = (
				en,
				Base,
			);
			mainGroup = ACA219152662DA8200A0F85C;
			productRefGroup = ACA2191F2662DA8200A0F85C /* Products */;
			projectDirPath = "";
			projectRoot = "";
			targets = (
				ACA2191D2662DA8200A0F85C /* Random Password */,
			);
		};
/* End PBXProject section */

/* Begin PBXResourcesBuildPhase section */
		ACA2191C2662DA8200A0F85C /* Resources */ = {
			isa = PBXResourcesBuildPhase;
			buildActionMask = 2147483647;
			files = (
				ACA2192E2662DA8300A0F85C /* LaunchScreen.storyboard in Resources */,
				ACA2192B2662DA8300A0F85C /* Preview Assets.xcassets in Resources */,
				ACA219282662DA8300A0F85C /* Assets.xcassets in Resources */,
			);
			runOnlyForDeploymentPostprocessing = 0;
		};
/* End PBXResourcesBuildPhase section */

/* Begin PBXSourcesBuildPhase section */
		ACA2191A2662DA8200A0F85C /* Sources */ = {
			isa = PBXSourcesBuildPhase;
			buildActionMask = 2147483647;
			files = (
				ACA219392662DFA600A0F85C /* Password.swift in Sources */,
				ACEBCB9D2662EDB40073CB7F /* UIColor.swift in Sources */,
				ACA219222662DA8200A0F85C /* AppDelegate.swift in Sources */,
				ACA219242662DA8200A0F85C /* SceneDelegate.swift in Sources */,
				ACA219262662DA8200A0F85C /* ContentView.swift in Sources */,
				2C5052CF2662E99900A27542 /* PasswordText.swift in Sources */,
				ACA2193B2662E5FE00A0F85C /* SliderComponent.swift in Sources */,
				ACEBCB9F2662F8FB0073CB7F /* PasswordData.swift in Sources */,
			);
			runOnlyForDeploymentPostprocessing = 0;
		};
/* End PBXSourcesBuildPhase section */

/* Begin PBXVariantGroup section */
		ACA2192C2662DA8300A0F85C /* LaunchScreen.storyboard */ = {
			isa = PBXVariantGroup;
			children = (
				ACA2192D2662DA8300A0F85C /* Base */,
			);
			name = LaunchScreen.storyboard;
			sourceTree = "<group>";
		};
/* End PBXVariantGroup section */

/* Begin XCBuildConfiguration section */
		ACA219302662DA8300A0F85C /* Debug */ = {
			isa = XCBuildConfiguration;
			buildSettings = {
				ALWAYS_SEARCH_USER_PATHS = NO;
				CLANG_ANALYZER_NONNULL = YES;
				CLANG_ANALYZER_NUMBER_OBJECT_CONVERSION = YES_AGGRESSIVE;
				CLANG_CXX_LANGUAGE_STANDARD = "gnu++14";
				CLANG_CXX_LIBRARY = "libc++";
				CLANG_ENABLE_MODULES = YES;
				CLANG_ENABLE_OBJC_ARC = YES;
				CLANG_ENABLE_OBJC_WEAK = YES;
				CLANG_WARN_BLOCK_CAPTURE_AUTORELEASING = YES;
				CLANG_WARN_BOOL_CONVERSION = YES;
				CLANG_WARN_COMMA = YES;
				CLANG_WARN_CONSTANT_CONVERSION = YES;
				CLANG_WARN_DEPRECATED_OBJC_IMPLEMENTATIONS = YES;
				CLANG_WARN_DIRECT_OBJC_ISA_USAGE = YES_ERROR;
				CLANG_WARN_DOCUMENTATION_COMMENTS = YES;
				CLANG_WARN_EMPTY_BODY = YES;
				CLANG_WARN_ENUM_CONVERSION = YES;
				CLANG_WARN_INFINITE_RECURSION = YES;
				CLANG_WARN_INT_CONVERSION = YES;
				CLANG_WARN_NON_LITERAL_NULL_CONVERSION = YES;
				CLANG_WARN_OBJC_IMPLICIT_RETAIN_SELF = YES;
				CLANG_WARN_OBJC_LITERAL_CONVERSION = YES;
				CLANG_WARN_OBJC_ROOT_CLASS = YES_ERROR;
				CLANG_WARN_QUOTED_INCLUDE_IN_FRAMEWORK_HEADER = YES;
				CLANG_WARN_RANGE_LOOP_ANALYSIS = YES;
				CLANG_WARN_STRICT_PROTOTYPES = YES;
				CLANG_WARN_SUSPICIOUS_MOVE = YES;
				CLANG_WARN_UNGUARDED_AVAILABILITY = YES_AGGRESSIVE;
				CLANG_WARN_UNREACHABLE_CODE = YES;
				CLANG_WARN__DUPLICATE_METHOD_MATCH = YES;
				COPY_PHASE_STRIP = NO;
				DEBUG_INFORMATION_FORMAT = dwarf;
				ENABLE_STRICT_OBJC_MSGSEND = YES;
				ENABLE_TESTABILITY = YES;
				GCC_C_LANGUAGE_STANDARD = gnu11;
				GCC_DYNAMIC_NO_PIC = NO;
				GCC_NO_COMMON_BLOCKS = YES;
				GCC_OPTIMIZATION_LEVEL = 0;
				GCC_PREPROCESSOR_DEFINITIONS = (
					"DEBUG=1",
					"$(inherited)",
				);
				GCC_WARN_64_TO_32_BIT_CONVERSION = YES;
				GCC_WARN_ABOUT_RETURN_TYPE = YES_ERROR;
				GCC_WARN_UNDECLARED_SELECTOR = YES;
				GCC_WARN_UNINITIALIZED_AUTOS = YES_AGGRESSIVE;
				GCC_WARN_UNUSED_FUNCTION = YES;
				GCC_WARN_UNUSED_VARIABLE = YES;
				IPHONEOS_DEPLOYMENT_TARGET = 14.5;
				MTL_ENABLE_DEBUG_INFO = INCLUDE_SOURCE;
				MTL_FAST_MATH = YES;
				ONLY_ACTIVE_ARCH = YES;
				SDKROOT = iphoneos;
				SWIFT_ACTIVE_COMPILATION_CONDITIONS = DEBUG;
				SWIFT_OPTIMIZATION_LEVEL = "-Onone";
			};
			name = Debug;
		};
		ACA219312662DA8300A0F85C /* Release */ = {
			isa = XCBuildConfiguration;
			buildSettings = {
				ALWAYS_SEARCH_USER_PATHS = NO;
				CLANG_ANALYZER_NONNULL = YES;
				CLANG_ANALYZER_NUMBER_OBJECT_CONVERSION = YES_AGGRESSIVE;
				CLANG_CXX_LANGUAGE_STANDARD = "gnu++14";
				CLANG_CXX_LIBRARY = "libc++";
				CLANG_ENABLE_MODULES = YES;
				CLANG_ENABLE_OBJC_ARC = YES;
				CLANG_ENABLE_OBJC_WEAK = YES;
				CLANG_WARN_BLOCK_CAPTURE_AUTORELEASING = YES;
				CLANG_WARN_BOOL_CONVERSION = YES;
				CLANG_WARN_COMMA = YES;
				CLANG_WARN_CONSTANT_CONVERSION = YES;
				CLANG_WARN_DEPRECATED_OBJC_IMPLEMENTATIONS = YES;
				CLANG_WARN_DIRECT_OBJC_ISA_USAGE = YES_ERROR;
				CLANG_WARN_DOCUMENTATION_COMMENTS = YES;
				CLANG_WARN_EMPTY_BODY = YES;
				CLANG_WARN_ENUM_CONVERSION = YES;
				CLANG_WARN_INFINITE_RECURSION = YES;
				CLANG_WARN_INT_CONVERSION = YES;
				CLANG_WARN_NON_LITERAL_NULL_CONVERSION = YES;
				CLANG_WARN_OBJC_IMPLICIT_RETAIN_SELF = YES;
				CLANG_WARN_OBJC_LITERAL_CONVERSION = YES;
				CLANG_WARN_OBJC_ROOT_CLASS = YES_ERROR;
				CLANG_WARN_QUOTED_INCLUDE_IN_FRAMEWORK_HEADER = YES;
				CLANG_WARN_RANGE_LOOP_ANALYSIS = YES;
				CLANG_WARN_STRICT_PROTOTYPES = YES;
				CLANG_WARN_SUSPICIOUS_MOVE = YES;
				CLANG_WARN_UNGUARDED_AVAILABILITY = YES_AGGRESSIVE;
				CLANG_WARN_UNREACHABLE_CODE = YES;
				CLANG_WARN__DUPLICATE_METHOD_MATCH = YES;
				COPY_PHASE_STRIP = NO;
				DEBUG_INFORMATION_FORMAT = "dwarf-with-dsym";
				ENABLE_NS_ASSERTIONS = NO;
				ENABLE_STRICT_OBJC_MSGSEND = YES;
				GCC_C_LANGUAGE_STANDARD = gnu11;
				GCC_NO_COMMON_BLOCKS = YES;
				GCC_WARN_64_TO_32_BIT_CONVERSION = YES;
				GCC_WARN_ABOUT_RETURN_TYPE = YES_ERROR;
				GCC_WARN_UNDECLARED_SELECTOR = YES;
				GCC_WARN_UNINITIALIZED_AUTOS = YES_AGGRESSIVE;
				GCC_WARN_UNUSED_FUNCTION = YES;
				GCC_WARN_UNUSED_VARIABLE = YES;
				IPHONEOS_DEPLOYMENT_TARGET = 14.5;
				MTL_ENABLE_DEBUG_INFO = NO;
				MTL_FAST_MATH = YES;
				SDKROOT = iphoneos;
				SWIFT_COMPILATION_MODE = wholemodule;
				SWIFT_OPTIMIZATION_LEVEL = "-O";
				VALIDATE_PRODUCT = YES;
			};
			name = Release;
		};
		ACA219332662DA8300A0F85C /* Debug */ = {
			isa = XCBuildConfiguration;
			buildSettings = {
				ASSETCATALOG_COMPILER_APPICON_NAME = AppIcon;
				ASSETCATALOG_COMPILER_GLOBAL_ACCENT_COLOR_NAME = AccentColor;
				CODE_SIGN_STYLE = Automatic;
				DEVELOPMENT_ASSET_PATHS = "\"Random Password/Preview Content\"";
				ENABLE_PREVIEWS = YES;
				INFOPLIST_FILE = "Random Password/Info.plist";
				LD_RUNPATH_SEARCH_PATHS = (
					"$(inherited)",
					"@executable_path/Frameworks",
				);
				PRODUCT_BUNDLE_IDENTIFIER = "com.teamcode.Random-Password";
				PRODUCT_NAME = "$(TARGET_NAME)";
				SWIFT_VERSION = 5.0;
				TARGETED_DEVICE_FAMILY = "1,2";
			};
			name = Debug;
		};
		ACA219342662DA8300A0F85C /* Release */ = {
			isa = XCBuildConfiguration;
			buildSettings = {
				ASSETCATALOG_COMPILER_APPICON_NAME = AppIcon;
				ASSETCATALOG_COMPILER_GLOBAL_ACCENT_COLOR_NAME = AccentColor;
				CODE_SIGN_STYLE = Automatic;
				DEVELOPMENT_ASSET_PATHS = "\"Random Password/Preview Content\"";
				ENABLE_PREVIEWS = YES;
				INFOPLIST_FILE = "Random Password/Info.plist";
				LD_RUNPATH_SEARCH_PATHS = (
					"$(inherited)",
					"@executable_path/Frameworks",
				);
				PRODUCT_BUNDLE_IDENTIFIER = "com.teamcode.Random-Password";
				PRODUCT_NAME = "$(TARGET_NAME)";
				SWIFT_VERSION = 5.0;
				TARGETED_DEVICE_FAMILY = "1,2";
			};
			name = Release;
		};
/* End XCBuildConfiguration section */

/* Begin XCConfigurationList section */
		ACA219192662DA8200A0F85C /* Build configuration list for PBXProject "Random Password" */ = {
			isa = XCConfigurationList;
			buildConfigurations = (
				ACA219302662DA8300A0F85C /* Debug */,
				ACA219312662DA8300A0F85C /* Release */,
			);
			defaultConfigurationIsVisible = 0;
			defaultConfigurationName = Release;
		};
		ACA219322662DA8300A0F85C /* Build configuration list for PBXNativeTarget "Random Password" */ = {
			isa = XCConfigurationList;
			buildConfigurations = (
				ACA219332662DA8300A0F85C /* Debug */,
				ACA219342662DA8300A0F85C /* Release */,
			);
			defaultConfigurationIsVisible = 0;
			defaultConfigurationName = Release;
		};
/* End XCConfigurationList section */
	};
	rootObject = ACA219162662DA8200A0F85C /* Project object */;
}
